<?xml version="1.0" encoding="utf-8"?>
<Project ToolsVersion="17.0" xmlns="http://schemas.microsoft.com/developer/msbuild/2003">
  <ItemGroup>
    <CustomBuild Include="C:\Users\amila\eHairdressers\ehairdressers_desktop\CMakeFiles\54a091f6d0a668887e44798d27e97aa6\flutter_windows.dll.rule">
      <Filter>CMake Rules</Filter>
    </CustomBuild>
    <CustomBuild Include="C:\Users\amila\eHairdressers\ehairdressers_desktop\CMakeFiles\8cf26a2e2af19ac8832d119d4d3a2821\flutter_assemble.rule">
      <Filter>CMake Rules</Filter>
    </CustomBuild>
    <CustomBuild Include="C:\Users\amila\eHairdressers\ehairdressers_desktop\windows\flutter\CMakeLists.txt" />
  </ItemGroup>
  <ItemGroup>
    <None Include="C:\Users\amila\eHairdressers\ehairdressers_desktop\flutter\CMakeFiles\flutter_assemble" />
  </ItemGroup>
  <ItemGroup>
    <Filter Include="CMake Rules">
      <UniqueIdentifier>{C438EA21-2167-37B1-809D-2007403F40A4}</UniqueIdentifier>
    </Filter>
  </ItemGroup>
</Project>
